
Microsoft Visual Studio Solution File, Format Version 12.00
# Visual Studio Version 16
VisualStudioVersion = 16.0.30621.155
MinimumVisualStudioVersion = 10.0.40219.1
Project("{FAE04EC0-301F-11D3-BF4B-00C04F79EFBC}") = "RPSLS", "RPSLS.csproj", "{F17C9F05-9995-46CC-BBBC-3971D6A82D1F}"
EndProject
Global
	GlobalSection(SolutionConfigurationPlatforms) = preSolution
		Debug|Any CPU = Debug|Any CPU
		Release|Any CPU = Release|Any CPU
	EndGlobalSection
	GlobalSection(ProjectConfigurationPlatforms) = postSolution
		{F17C9F05-9995-46CC-BBBC-3971D6A82D1F}.Debug|Any CPU.ActiveCfg = Debug|Any CPU
		{F17C9F05-9995-46CC-BBBC-3971D6A82D1F}.Debug|Any CPU.Build.0 = Debug|Any CPU
		{F17C9F05-9995-46CC-BBBC-3971D6A82D1F}.Release|Any CPU.ActiveCfg = Release|Any CPU
		{F17C9F05-9995-46CC-BBBC-3971D6A82D1F}.Release|Any CPU.Build.0 = Release|Any CPU
	EndGlobalSection
	GlobalSection(SolutionProperties) = preSolution
		HideSolutionNode = FALSE
	EndGlobalSection
	GlobalSection(ExtensibilityGlobals) = postSolution
		SolutionGuid = {F80D7CCC-E692-40B7-A1EE-FE784BC1102A}
	EndGlobalSection
EndGlobal
